
Microsoft Visual Studio Solution File, Format Version 12.00
# Visual Studio Version 17
VisualStudioVersion = 17.13.36105.23 d17.13
MinimumVisualStudioVersion = 10.0.40219.1
Project("{FAE04EC0-301F-11D3-BF4B-00C04F79EFBC}") = "AspNetIdentity", "AspNetIdentity.csproj", "{2E78A709-2E6C-49F6-A2DF-BC7BB388F4CD}"
EndProject
Global
	GlobalSection(SolutionConfigurationPlatforms) = preSolution
		Debug|Any CPU = Debug|Any CPU
		Release|Any CPU = Release|Any CPU
	EndGlobalSection
	GlobalSection(ProjectConfigurationPlatforms) = postSolution
		{2E78A709-2E6C-49F6-A2DF-BC7BB388F4CD}.Debug|Any CPU.ActiveCfg = Debug|Any CPU
		{2E78A709-2E6C-49F6-A2DF-BC7BB388F4CD}.Debug|Any CPU.Build.0 = Debug|Any CPU
		{2E78A709-2E6C-49F6-A2DF-BC7BB388F4CD}.Release|Any CPU.ActiveCfg = Release|Any CPU
		{2E78A709-2E6C-49F6-A2DF-BC7BB388F4CD}.Release|Any CPU.Build.0 = Release|Any CPU
	EndGlobalSection
	GlobalSection(SolutionProperties) = preSolution
		HideSolutionNode = FALSE
	EndGlobalSection
	GlobalSection(ExtensibilityGlobals) = postSolution
		SolutionGuid = {CC394100-58B4-4FA6-A4F1-0B3FB34D6FD7}
	EndGlobalSection
EndGlobal
